
Microsoft Visual Studio Solution File, Format Version 12.00
# Visual Studio Version 17
VisualStudioVersion = 17.9.34728.123
MinimumVisualStudioVersion = 10.0.40219.1
Project("{FAE04EC0-301F-11D3-BF4B-00C04F79EFBC}") = "WebBanVang", "WebBanVang\WebBanVang.csproj", "{BE789C08-CC9E-4633-9C32-8CC2258A75EE}"
EndProject
Global
	GlobalSection(SolutionConfigurationPlatforms) = preSolution
		Debug|Any CPU = Debug|Any CPU
		Release|Any CPU = Release|Any CPU
	EndGlobalSection
	GlobalSection(ProjectConfigurationPlatforms) = postSolution
		{BE789C08-CC9E-4633-9C32-8CC2258A75EE}.Debug|Any CPU.ActiveCfg = Debug|Any CPU
		{BE789C08-CC9E-4633-9C32-8CC2258A75EE}.Debug|Any CPU.Build.0 = Debug|Any CPU
		{BE789C08-CC9E-4633-9C32-8CC2258A75EE}.Release|Any CPU.ActiveCfg = Release|Any CPU
		{BE789C08-CC9E-4633-9C32-8CC2258A75EE}.Release|Any CPU.Build.0 = Release|Any CPU
	EndGlobalSection
	GlobalSection(SolutionProperties) = preSolution
		HideSolutionNode = FALSE
	EndGlobalSection
	GlobalSection(ExtensibilityGlobals) = postSolution
		SolutionGuid = {D352FB81-8B0B-4327-8F14-7D3E2CAD45C4}
	EndGlobalSection
EndGlobal
